// !$*UTF8*$!
{
	archiveVersion = 1;
	classes = {
	};
	objectVersion = 50;
	objects = {

/* Begin PBXBuildFile section */
		202632E6216CADF5005337EB /* AppDelegate.swift in Sources */ = {isa = PBXBuildFile; fileRef = 202632E5216CADF5005337EB /* AppDelegate.swift */; };
		202632E8216CADF5005337EB /* MealViewController.swift in Sources */ = {isa = PBXBuildFile; fileRef = 202632E7216CADF5005337EB /* MealViewController.swift */; };
		202632EB216CADF5005337EB /* Main.storyboard in Resources */ = {isa = PBXBuildFile; fileRef = 202632E9216CADF5005337EB /* Main.storyboard */; };
		202632ED216CADFA005337EB /* Assets.xcassets in Resources */ = {isa = PBXBuildFile; fileRef = 202632EC216CADFA005337EB /* Assets.xcassets */; };
		202632F0216CADFA005337EB /* LaunchScreen.storyboard in Resources */ = {isa = PBXBuildFile; fileRef = 202632EE216CADFA005337EB /* LaunchScreen.storyboard */; };
		202632FB216CADFA005337EB /* FoodTrackerTests.swift in Sources */ = {isa = PBXBuildFile; fileRef = 202632FA216CADFA005337EB /* FoodTrackerTests.swift */; };
		20263306216CADFA005337EB /* FoodTrackerUITests.swift in Sources */ = {isa = PBXBuildFile; fileRef = 20263305216CADFA005337EB /* FoodTrackerUITests.swift */; };
		20998BC8216DE54B0038F677 /* RatingController.swift in Sources */ = {isa = PBXBuildFile; fileRef = 20998BC7216DE54B0038F677 /* RatingController.swift */; };
		20998BCF216DF95B0038F677 /* Meal.swift in Sources */ = {isa = PBXBuildFile; fileRef = 20998BCE216DF95B0038F677 /* Meal.swift */; };
		20998BD121701E610038F677 /* MealTableViewCell.swift in Sources */ = {isa = PBXBuildFile; fileRef = 20998BD021701E610038F677 /* MealTableViewCell.swift */; };
		20998BD3217023B50038F677 /* MealTableViewController.swift in Sources */ = {isa = PBXBuildFile; fileRef = 20998BD2217023B50038F677 /* MealTableViewController.swift */; };
/* End PBXBuildFile section */

/* Begin PBXContainerItemProxy section */
		202632F7216CADFA005337EB /* PBXContainerItemProxy */ = {
			isa = PBXContainerItemProxy;
			containerPortal = 202632DA216CADF5005337EB /* Project object */;
			proxyType = 1;
			remoteGlobalIDString = 202632E1216CADF5005337EB;
			remoteInfo = FoodTracker;
		};
		20263302216CADFA005337EB /* PBXContainerItemProxy */ = {
			isa = PBXContainerItemProxy;
			containerPortal = 202632DA216CADF5005337EB /* Project object */;
			proxyType = 1;
			remoteGlobalIDString = 202632E1216CADF5005337EB;
			remoteInfo = FoodTracker;
		};
/* End PBXContainerItemProxy section */

/* Begin PBXFileReference section */
		202632E2216CADF5005337EB /* FoodTracker.app */ = {isa = PBXFileReference; explicitFileType = wrapper.application; includeInIndex = 0; path = FoodTracker.app; sourceTree = BUILT_PRODUCTS_DIR; };
		202632E5216CADF5005337EB /* AppDelegate.swift */ = {isa = PBXFileReference; lastKnownFileType = sourcecode.swift; path = AppDelegate.swift; sourceTree = "<group>"; };
		202632E7216CADF5005337EB /* MealViewController.swift */ = {isa = PBXFileReference; lastKnownFileType = sourcecode.swift; path = MealViewController.swift; sourceTree = "<group>"; };
		202632EA216CADF5005337EB /* Base */ = {isa = PBXFileReference; lastKnownFileType = file.storyboard; name = Base; path = Base.lproj/Main.storyboard; sourceTree = "<group>"; };
		202632EC216CADFA005337EB /* Assets.xcassets */ = {isa = PBXFileReference; lastKnownFileType = folder.assetcatalog; path = Assets.xcassets; sourceTree = "<group>"; };
		202632EF216CADFA005337EB /* Base */ = {isa = PBXFileReference; lastKnownFileType = file.storyboard; name = Base; path = Base.lproj/LaunchScreen.storyboard; sourceTree = "<group>"; };
		202632F1216CADFA005337EB /* Info.plist */ = {isa = PBXFileReference; lastKnownFileType = text.plist.xml; path = Info.plist; sourceTree = "<group>"; };
		202632F6216CADFA005337EB /* FoodTrackerTests.xctest */ = {isa = PBXFileReference; explicitFileType = wrapper.cfbundle; includeInIndex = 0; path = FoodTrackerTests.xctest; sourceTree = BUILT_PRODUCTS_DIR; };
		202632FA216CADFA005337EB /* FoodTrackerTests.swift */ = {isa = PBXFileReference; lastKnownFileType = sourcecode.swift; path = FoodTrackerTests.swift; sourceTree = "<group>"; };
		202632FC216CADFA005337EB /* Info.plist */ = {isa = PBXFileReference; lastKnownFileType = text.plist.xml; path = Info.plist; sourceTree = "<group>"; };
		20263301216CADFA005337EB /* FoodTrackerUITests.xctest */ = {isa = PBXFileReference; explicitFileType = wrapper.cfbundle; includeInIndex = 0; path = FoodTrackerUITests.xctest; sourceTree = BUILT_PRODUCTS_DIR; };
		20263305216CADFA005337EB /* FoodTrackerUITests.swift */ = {isa = PBXFileReference; lastKnownFileType = sourcecode.swift; path = FoodTrackerUITests.swift; sourceTree = "<group>"; };
		20263307216CADFA005337EB /* Info.plist */ = {isa = PBXFileReference; lastKnownFileType = text.plist.xml; path = Info.plist; sourceTree = "<group>"; };
		20998BC7216DE54B0038F677 /* RatingController.swift */ = {isa = PBXFileReference; lastKnownFileType = sourcecode.swift; path = RatingController.swift; sourceTree = "<group>"; };
		20998BCE216DF95B0038F677 /* Meal.swift */ = {isa = PBXFileReference; lastKnownFileType = sourcecode.swift; path = Meal.swift; sourceTree = "<group>"; };
		20998BD021701E610038F677 /* MealTableViewCell.swift */ = {isa = PBXFileReference; lastKnownFileType = sourcecode.swift; path = MealTableViewCell.swift; sourceTree = "<group>"; };
		20998BD2217023B50038F677 /* MealTableViewController.swift */ = {isa = PBXFileReference; lastKnownFileType = sourcecode.swift; path = MealTableViewController.swift; sourceTree = "<group>"; };
/* End PBXFileReference section */

/* Begin PBXFrameworksBuildPhase section */
		202632DF216CADF5005337EB /* Frameworks */ = {
			isa = PBXFrameworksBuildPhase;
			buildActionMask = 2147483647;
			files = (
			);
			runOnlyForDeploymentPostprocessing = 0;
		};
		202632F3216CADFA005337EB /* Frameworks */ = {
			isa = PBXFrameworksBuildPhase;
			buildActionMask = 2147483647;
			files = (
			);
			runOnlyForDeploymentPostprocessing = 0;
		};
		202632FE216CADFA005337EB /* Frameworks */ = {
			isa = PBXFrameworksBuildPhase;
			buildActionMask = 2147483647;
			files = (
			);
			runOnlyForDeploymentPostprocessing = 0;
		};
/* End PBXFrameworksBuildPhase section */

/* Begin PBXGroup section */
		202632D9216CADF5005337EB = {
			isa = PBXGroup;
			children = (
				202632E4216CADF5005337EB /* FoodTracker */,
				202632F9216CADFA005337EB /* FoodTrackerTests */,
				20263304216CADFA005337EB /* FoodTrackerUITests */,
				202632E3216CADF5005337EB /* Products */,
			);
			sourceTree = "<group>";
		};
		202632E3216CADF5005337EB /* Products */ = {
			isa = PBXGroup;
			children = (
				202632E2216CADF5005337EB /* FoodTracker.app */,
				202632F6216CADFA005337EB /* FoodTrackerTests.xctest */,
				20263301216CADFA005337EB /* FoodTrackerUITests.xctest */,
			);
			name = Products;
			sourceTree = "<group>";
		};
		202632E4216CADF5005337EB /* FoodTracker */ = {
			isa = PBXGroup;
			children = (
				202632E5216CADF5005337EB /* AppDelegate.swift */,
				202632E7216CADF5005337EB /* MealViewController.swift */,
				202632E9216CADF5005337EB /* Main.storyboard */,
				20998BD2217023B50038F677 /* MealTableViewController.swift */,
				20998BC7216DE54B0038F677 /* RatingController.swift */,
				202632EC216CADFA005337EB /* Assets.xcassets */,
				202632EE216CADFA005337EB /* LaunchScreen.storyboard */,
				202632F1216CADFA005337EB /* Info.plist */,
				20998BCE216DF95B0038F677 /* Meal.swift */,
				20998BD021701E610038F677 /* MealTableViewCell.swift */,
			);
			path = FoodTracker;
			sourceTree = "<group>";
		};
		202632F9216CADFA005337EB /* FoodTrackerTests */ = {
			isa = PBXGroup;
			children = (
				202632FA216CADFA005337EB /* FoodTrackerTests.swift */,
				202632FC216CADFA005337EB /* Info.plist */,
			);
			path = FoodTrackerTests;
			sourceTree = "<group>";
		};
		20263304216CADFA005337EB /* FoodTrackerUITests */ = {
			isa = PBXGroup;
			children = (
				20263305216CADFA005337EB /* FoodTrackerUITests.swift */,
				20263307216CADFA005337EB /* Info.plist */,
			);
			path = FoodTrackerUITests;
			sourceTree = "<group>";
		};
/* End PBXGroup section */

/* Begin PBXNativeTarget section */
		202632E1216CADF5005337EB /* FoodTracker */ = {
			isa = PBXNativeTarget;
			buildConfigurationList = 2026330A216CADFA005337EB /* Build configuration list for PBXNativeTarget "FoodTracker" */;
			buildPhases = (
				202632DE216CADF5005337EB /* Sources */,
				202632DF216CADF5005337EB /* Frameworks */,
				202632E0216CADF5005337EB /* Resources */,
			);
			buildRules = (
			);
			dependencies = (
			);
			name = FoodTracker;
			productName = FoodTracker;
			productReference = 202632E2216CADF5005337EB /* FoodTracker.app */;
			productType = "com.apple.product-type.application";
		};
		202632F5216CADFA005337EB /* FoodTrackerTests */ = {
			isa = PBXNativeTarget;
			buildConfigurationList = 2026330D216CADFA005337EB /* Build configuration list for PBXNativeTarget "FoodTrackerTests" */;
			buildPhases = (
				202632F2216CADFA005337EB /* Sources */,
				202632F3216CADFA005337EB /* Frameworks */,
				202632F4216CADFA005337EB /* Resources */,
			);
			buildRules = (
			);
			dependencies = (
				202632F8216CADFA005337EB /* PBXTargetDependency */,
			);
			name = FoodTrackerTests;
			productName = FoodTrackerTests;
			productReference = 202632F6216CADFA005337EB /* FoodTrackerTests.xctest */;
			productType = "com.apple.product-type.bundle.unit-test";
		};
		20263300216CADFA005337EB /* FoodTrackerUITests */ = {
			isa = PBXNativeTarget;
			buildConfigurationList = 20263310216CADFA005337EB /* Build configuration list for PBXNativeTarget "FoodTrackerUITests" */;
			buildPhases = (
				202632FD216CADFA005337EB /* Sources */,
				202632FE216CADFA005337EB /* Frameworks */,
				202632FF216CADFA005337EB /* Resources */,
			);
			buildRules = (
			);
			dependencies = (
				20263303216CADFA005337EB /* PBXTargetDependency */,
			);
			name = FoodTrackerUITests;
			productName = FoodTrackerUITests;
			productReference = 20263301216CADFA005337EB /* FoodTrackerUITests.xctest */;
			productType = "com.apple.product-type.bundle.ui-testing";
		};
/* End PBXNativeTarget section */

/* Begin PBXProject section */
		202632DA216CADF5005337EB /* Project object */ = {
			isa = PBXProject;
			attributes = {
				LastSwiftUpdateCheck = 1000;
				LastUpgradeCheck = 1000;
				ORGANIZATIONNAME = tam;
				TargetAttributes = {
					202632E1216CADF5005337EB = {
						CreatedOnToolsVersion = 10.0;
					};
					202632F5216CADFA005337EB = {
						CreatedOnToolsVersion = 10.0;
						TestTargetID = 202632E1216CADF5005337EB;
					};
					20263300216CADFA005337EB = {
						CreatedOnToolsVersion = 10.0;
						TestTargetID = 202632E1216CADF5005337EB;
					};
				};
			};
			buildConfigurationList = 202632DD216CADF5005337EB /* Build configuration list for PBXProject "FoodTracker" */;
			compatibilityVersion = "Xcode 9.3";
			developmentRegion = en;
			hasScannedForEncodings = 0;
			knownRegions = (
				en,
				Base,
			);
			mainGroup = 202632D9216CADF5005337EB;
			productRefGroup = 202632E3216CADF5005337EB /* Products */;
			projectDirPath = "";
			projectRoot = "";
			targets = (
				202632E1216CADF5005337EB /* FoodTracker */,
				202632F5216CADFA005337EB /* FoodTrackerTests */,
				20263300216CADFA005337EB /* FoodTrackerUITests */,
			);
		};
/* End PBXProject section */

/* Begin PBXResourcesBuildPhase section */
		202632E0216CADF5005337EB /* Resources */ = {
			isa = PBXResourcesBuildPhase;
			buildActionMask = 2147483647;
			files = (
				202632F0216CADFA005337EB /* LaunchScreen.storyboard in Resources */,
				202632ED216CADFA005337EB /* Assets.xcassets in Resources */,
				202632EB216CADF5005337EB /* Main.storyboard in Resources */,
			);
			runOnlyForDeploymentPostprocessing = 0;
		};
		202632F4216CADFA005337EB /* Resources */ = {
			isa = PBXResourcesBuildPhase;
			buildActionMask = 2147483647;
			files = (
			);
			runOnlyForDeploymentPostprocessing = 0;
		};
		202632FF216CADFA005337EB /* Resources */ = {
			isa = PBXResourcesBuildPhase;
			buildActionMask = 2147483647;
			files = (
			);
			runOnlyForDeploymentPostprocessing = 0;
		};
/* End PBXResourcesBuildPhase section */

/* Begin PBXSourcesBuildPhase section */
		202632DE216CADF5005337EB /* Sources */ = {
			isa = PBXSourcesBuildPhase;
			buildActionMask = 2147483647;
			files = (
				20998BCF216DF95B0038F677 /* Meal.swift in Sources */,
				202632E8216CADF5005337EB /* MealViewController.swift in Sources */,
				202632E6216CADF5005337EB /* AppDelegate.swift in Sources */,
				20998BC8216DE54B0038F677 /* RatingController.swift in Sources */,
				20998BD3217023B50038F677 /* MealTableViewController.swift in Sources */,
				20998BD121701E610038F677 /* MealTableViewCell.swift in Sources */,
			);
			runOnlyForDeploymentPostprocessing = 0;
		};
		202632F2216CADFA005337EB /* Sources */ = {
			isa = PBXSourcesBuildPhase;
			buildActionMask = 2147483647;
			files = (
				202632FB216CADFA005337EB /* FoodTrackerTests.swift in Sources */,
			);
			runOnlyForDeploymentPostprocessing = 0;
		};
		202632FD216CADFA005337EB /* Sources */ = {
			isa = PBXSourcesBuildPhase;
			buildActionMask = 2147483647;
			files = (
				20263306216CADFA005337EB /* FoodTrackerUITests.swift in Sources */,
			);
			runOnlyForDeploymentPostprocessing = 0;
		};
/* End PBXSourcesBuildPhase section */

/* Begin PBXTargetDependency section */
		202632F8216CADFA005337EB /* PBXTargetDependency */ = {
			isa = PBXTargetDependency;
			target = 202632E1216CADF5005337EB /* FoodTracker */;
			targetProxy = 202632F7216CADFA005337EB /* PBXContainerItemProxy */;
		};
		20263303216CADFA005337EB /* PBXTargetDependency */ = {
			isa = PBXTargetDependency;
			target = 202632E1216CADF5005337EB /* FoodTracker */;
			targetProxy = 20263302216CADFA005337EB /* PBXContainerItemProxy */;
		};
/* End PBXTargetDependency section */

/* Begin PBXVariantGroup section */
		202632E9216CADF5005337EB /* Main.storyboard */ = {
			isa = PBXVariantGroup;
			children = (
				202632EA216CADF5005337EB /* Base */,
			);
			name = Main.storyboard;
			sourceTree = "<group>";
		};
		202632EE216CADFA005337EB /* LaunchScreen.storyboard */ = {
			isa = PBXVariantGroup;
			children = (
				202632EF216CADFA005337EB /* Base */,
			);
			name = LaunchScreen.storyboard;
			sourceTree = "<group>";
		};
/* End PBXVariantGroup section */

/* Begin XCBuildConfiguration section */
		20263308216CADFA005337EB /* Debug */ = {
			isa = XCBuildConfiguration;
			buildSettings = {
				ALWAYS_SEARCH_USER_PATHS = NO;
				CLANG_ANALYZER_NONNULL = YES;
				CLANG_ANALYZER_NUMBER_OBJECT_CONVERSION = YES_AGGRESSIVE;
				CLANG_CXX_LANGUAGE_STANDARD = "gnu++14";
				CLANG_CXX_LIBRARY = "libc++";
				CLANG_ENABLE_MODULES = YES;
				CLANG_ENABLE_OBJC_ARC = YES;
				CLANG_ENABLE_OBJC_WEAK = YES;
				CLANG_WARN_BLOCK_CAPTURE_AUTORELEASING = YES;
				CLANG_WARN_BOOL_CONVERSION = YES;
				CLANG_WARN_COMMA = YES;
				CLANG_WARN_CONSTANT_CONVERSION = YES;
				CLANG_WARN_DEPRECATED_OBJC_IMPLEMENTATIONS = YES;
				CLANG_WARN_DIRECT_OBJC_ISA_USAGE = YES_ERROR;
				CLANG_WARN_DOCUMENTATION_COMMENTS = YES;
				CLANG_WARN_EMPTY_BODY = YES;
				CLANG_WARN_ENUM_CONVERSION = YES;
				CLANG_WARN_INFINITE_RECURSION = YES;
				CLANG_WARN_INT_CONVERSION = YES;
				CLANG_WARN_NON_LITERAL_NULL_CONVERSION = YES;
				CLANG_WARN_OBJC_IMPLICIT_RETAIN_SELF = YES;
				CLANG_WARN_OBJC_LITERAL_CONVERSION = YES;
				CLANG_WARN_OBJC_ROOT_CLASS = YES_ERROR;
				CLANG_WARN_RANGE_LOOP_ANALYSIS = YES;
				CLANG_WARN_STRICT_PROTOTYPES = YES;
				CLANG_WARN_SUSPICIOUS_MOVE = YES;
				CLANG_WARN_UNGUARDED_AVAILABILITY = YES_AGGRESSIVE;
				CLANG_WARN_UNREACHABLE_CODE = YES;
				CLANG_WARN__DUPLICATE_METHOD_MATCH = YES;
				CODE_SIGN_IDENTITY = "iPhone Developer";
				COPY_PHASE_STRIP = NO;
				DEBUG_INFORMATION_FORMAT = dwarf;
				ENABLE_STRICT_OBJC_MSGSEND = YES;
				ENABLE_TESTABILITY = YES;
				GCC_C_LANGUAGE_STANDARD = gnu11;
				GCC_DYNAMIC_NO_PIC = NO;
				GCC_NO_COMMON_BLOCKS = YES;
				GCC_OPTIMIZATION_LEVEL = 0;
				GCC_PREPROCESSOR_DEFINITIONS = (
					"DEBUG=1",
					"$(inherited)",
				);
				GCC_WARN_64_TO_32_BIT_CONVERSION = YES;
				GCC_WARN_ABOUT_RETURN_TYPE = YES_ERROR;
				GCC_WARN_UNDECLARED_SELECTOR = YES;
				GCC_WARN_UNINITIALIZED_AUTOS = YES_AGGRESSIVE;
				GCC_WARN_UNUSED_FUNCTION = YES;
				GCC_WARN_UNUSED_VARIABLE = YES;
				IPHONEOS_DEPLOYMENT_TARGET = 12.0;
				MTL_ENABLE_DEBUG_INFO = INCLUDE_SOURCE;
				MTL_FAST_MATH = YES;
				ONLY_ACTIVE_ARCH = YES;
				SDKROOT = iphoneos;
				SWIFT_ACTIVE_COMPILATION_CONDITIONS = DEBUG;
				SWIFT_OPTIMIZATION_LEVEL = "-Onone";
			};
			name = Debug;
		};
		20263309216CADFA005337EB /* Release */ = {
			isa = XCBuildConfiguration;
			buildSettings = {
				ALWAYS_SEARCH_USER_PATHS = NO;
				CLANG_ANALYZER_NONNULL = YES;
				CLANG_ANALYZER_NUMBER_OBJECT_CONVERSION = YES_AGGRESSIVE;
				CLANG_CXX_LANGUAGE_STANDARD = "gnu++14";
				CLANG_CXX_LIBRARY = "libc++";
				CLANG_ENABLE_MODULES = YES;
				CLANG_ENABLE_OBJC_ARC = YES;
				CLANG_ENABLE_OBJC_WEAK = YES;
				CLANG_WARN_BLOCK_CAPTURE_AUTORELEASING = YES;
				CLANG_WARN_BOOL_CONVERSION = YES;
				CLANG_WARN_COMMA = YES;
				CLANG_WARN_CONSTANT_CONVERSION = YES;
				CLANG_WARN_DEPRECATED_OBJC_IMPLEMENTATIONS = YES;
				CLANG_WARN_DIRECT_OBJC_ISA_USAGE = YES_ERROR;
				CLANG_WARN_DOCUMENTATION_COMMENTS = YES;
				CLANG_WARN_EMPTY_BODY = YES;
				CLANG_WARN_ENUM_CONVERSION = YES;
				CLANG_WARN_INFINITE_RECURSION = YES;
				CLANG_WARN_INT_CONVERSION = YES;
				CLANG_WARN_NON_LITERAL_NULL_CONVERSION = YES;
				CLANG_WARN_OBJC_IMPLICIT_RETAIN_SELF = YES;
				CLANG_WARN_OBJC_LITERAL_CONVERSION = YES;
				CLANG_WARN_OBJC_ROOT_CLASS = YES_ERROR;
				CLANG_WARN_RANGE_LOOP_ANALYSIS = YES;
				CLANG_WARN_STRICT_PROTOTYPES = YES;
				CLANG_WARN_SUSPICIOUS_MOVE = YES;
				CLANG_WARN_UNGUARDED_AVAILABILITY = YES_AGGRESSIVE;
				CLANG_WARN_UNREACHABLE_CODE = YES;
				CLANG_WARN__DUPLICATE_METHOD_MATCH = YES;
				CODE_SIGN_IDENTITY = "iPhone Developer";
				COPY_PHASE_STRIP = NO;
				DEBUG_INFORMATION_FORMAT = "dwarf-with-dsym";
				ENABLE_NS_ASSERTIONS = NO;
				ENABLE_STRICT_OBJC_MSGSEND = YES;
				GCC_C_LANGUAGE_STANDARD = gnu11;
				GCC_NO_COMMON_BLOCKS = YES;
				GCC_WARN_64_TO_32_BIT_CONVERSION = YES;
				GCC_WARN_ABOUT_RETURN_TYPE = YES_ERROR;
				GCC_WARN_UNDECLARED_SELECTOR = YES;
				GCC_WARN_UNINITIALIZED_AUTOS = YES_AGGRESSIVE;
				GCC_WARN_UNUSED_FUNCTION = YES;
				GCC_WARN_UNUSED_VARIABLE = YES;
				IPHONEOS_DEPLOYMENT_TARGET = 12.0;
				MTL_ENABLE_DEBUG_INFO = NO;
				MTL_FAST_MATH = YES;
				SDKROOT = iphoneos;
				SWIFT_COMPILATION_MODE = wholemodule;
				SWIFT_OPTIMIZATION_LEVEL = "-O";
				VALIDATE_PRODUCT = YES;
			};
			name = Release;
		};
		2026330B216CADFA005337EB /* Debug */ = {
			isa = XCBuildConfiguration;
			buildSettings = {
				ASSETCATALOG_COMPILER_APPICON_NAME = AppIcon;
				CODE_SIGN_STYLE = Automatic;
				DEVELOPMENT_TEAM = Z642JF8X2H;
				INFOPLIST_FILE = FoodTracker/Info.plist;
				LD_RUNPATH_SEARCH_PATHS = (
					"$(inherited)",
					"@executable_path/Frameworks",
				);
				PRODUCT_BUNDLE_IDENTIFIER = tam.enzi.FoodTracker;
				PRODUCT_NAME = "$(TARGET_NAME)";
				SWIFT_VERSION = 4.2;
				TARGETED_DEVICE_FAMILY = "1,2";
			};
			name = Debug;
		};
		2026330C216CADFA005337EB /* Release */ = {
			isa = XCBuildConfiguration;
			buildSettings = {
				ASSETCATALOG_COMPILER_APPICON_NAME = AppIcon;
				CODE_SIGN_STYLE = Automatic;
				DEVELOPMENT_TEAM = Z642JF8X2H;
				INFOPLIST_FILE = FoodTracker/Info.plist;
				LD_RUNPATH_SEARCH_PATHS = (
					"$(inherited)",
					"@executable_path/Frameworks",
				);
				PRODUCT_BUNDLE_IDENTIFIER = tam.enzi.FoodTracker;
				PRODUCT_NAME = "$(TARGET_NAME)";
				SWIFT_VERSION = 4.2;
				TARGETED_DEVICE_FAMILY = "1,2";
			};
			name = Release;
		};
		2026330E216CADFA005337EB /* Debug */ = {
			isa = XCBuildConfiguration;
			buildSettings = {
				ALWAYS_EMBED_SWIFT_STANDARD_LIBRARIES = YES;
				BUNDLE_LOADER = "$(TEST_HOST)";
				CODE_SIGN_STYLE = Automatic;
				DEVELOPMENT_TEAM = Z642JF8X2H;
				INFOPLIST_FILE = FoodTrackerTests/Info.plist;
				LD_RUNPATH_SEARCH_PATHS = (
					"$(inherited)",
					"@executable_path/Frameworks",
					"@loader_path/Frameworks",
				);
				PRODUCT_BUNDLE_IDENTIFIER = tam.enzi.FoodTrackerTests;
				PRODUCT_NAME = "$(TARGET_NAME)";
				SWIFT_VERSION = 4.2;
				TARGETED_DEVICE_FAMILY = "1,2";
				TEST_HOST = "$(BUILT_PRODUCTS_DIR)/FoodTracker.app/FoodTracker";
			};
			name = Debug;
		};
		2026330F216CADFA005337EB /* Release */ = {
			isa = XCBuildConfiguration;
			buildSettings = {
				ALWAYS_EMBED_SWIFT_STANDARD_LIBRARIES = YES;
				BUNDLE_LOADER = "$(TEST_HOST)";
				CODE_SIGN_STYLE = Automatic;
				DEVELOPMENT_TEAM = Z642JF8X2H;
				INFOPLIST_FILE = FoodTrackerTests/Info.plist;
				LD_RUNPATH_SEARCH_PATHS = (
					"$(inherited)",
					"@executable_path/Frameworks",
					"@loader_path/Frameworks",
				);
				PRODUCT_BUNDLE_IDENTIFIER = tam.enzi.FoodTrackerTests;
				PRODUCT_NAME = "$(TARGET_NAME)";
				SWIFT_VERSION = 4.2;
				TARGETED_DEVICE_FAMILY = "1,2";
				TEST_HOST = "$(BUILT_PRODUCTS_DIR)/FoodTracker.app/FoodTracker";
			};
			name = Release;
		};
		20263311216CADFA005337EB /* Debug */ = {
			isa = XCBuildConfiguration;
			buildSettings = {
				ALWAYS_EMBED_SWIFT_STANDARD_LIBRARIES = YES;
				CODE_SIGN_STYLE = Automatic;
				DEVELOPMENT_TEAM = Z642JF8X2H;
				INFOPLIST_FILE = FoodTrackerUITests/Info.plist;
				LD_RUNPATH_SEARCH_PATHS = (
					"$(inherited)",
					"@executable_path/Frameworks",
					"@loader_path/Frameworks",
				);
				PRODUCT_BUNDLE_IDENTIFIER = tam.enzi.FoodTrackerUITests;
				PRODUCT_NAME = "$(TARGET_NAME)";
				SWIFT_VERSION = 4.2;
				TARGETED_DEVICE_FAMILY = "1,2";
				TEST_TARGET_NAME = FoodTracker;
			};
			name = Debug;
		};
		20263312216CADFA005337EB /* Release */ = {
			isa = XCBuildConfiguration;
			buildSettings = {
				ALWAYS_EMBED_SWIFT_STANDARD_LIBRARIES = YES;
				CODE_SIGN_STYLE = Automatic;
				DEVELOPMENT_TEAM = Z642JF8X2H;
				INFOPLIST_FILE = FoodTrackerUITests/Info.plist;
				LD_RUNPATH_SEARCH_PATHS = (
					"$(inherited)",
					"@executable_path/Frameworks",
					"@loader_path/Frameworks",
				);
				PRODUCT_BUNDLE_IDENTIFIER = tam.enzi.FoodTrackerUITests;
				PRODUCT_NAME = "$(TARGET_NAME)";
				SWIFT_VERSION = 4.2;
				TARGETED_DEVICE_FAMILY = "1,2";
				TEST_TARGET_NAME = FoodTracker;
			};
			name = Release;
		};
/* End XCBuildConfiguration section */

/* Begin XCConfigurationList section */
		202632DD216CADF5005337EB /* Build configuration list for PBXProject "FoodTracker" */ = {
			isa = XCConfigurationList;
			buildConfigurations = (
				20263308216CADFA005337EB /* Debug */,
				20263309216CADFA005337EB /* Release */,
			);
			defaultConfigurationIsVisible = 0;
			defaultConfigurationName = Release;
		};
		2026330A216CADFA005337EB /* Build configuration list for PBXNativeTarget "FoodTracker" */ = {
			isa = XCConfigurationList;
			buildConfigurations = (
				2026330B216CADFA005337EB /* Debug */,
				2026330C216CADFA005337EB /* Release */,
			);
			defaultConfigurationIsVisible = 0;
			defaultConfigurationName = Release;
		};
		2026330D216CADFA005337EB /* Build configuration list for PBXNativeTarget "FoodTrackerTests" */ = {
			isa = XCConfigurationList;
			buildConfigurations = (
				2026330E216CADFA005337EB /* Debug */,
				2026330F216CADFA005337EB /* Release */,
			);
			defaultConfigurationIsVisible = 0;
			defaultConfigurationName = Release;
		};
		20263310216CADFA005337EB /* Build configuration list for PBXNativeTarget "FoodTrackerUITests" */ = {
			isa = XCConfigurationList;
			buildConfigurations = (
				20263311216CADFA005337EB /* Debug */,
				20263312216CADFA005337EB /* Release */,
			);
			defaultConfigurationIsVisible = 0;
			defaultConfigurationName = Release;
		};
/* End XCConfigurationList section */
	};
	rootObject = 202632DA216CADF5005337EB /* Project object */;
}
